// !$*UTF8*$!
{
	archiveVersion = 1;
	classes = {
	};
	objectVersion = 56;
	objects = {

/* Begin PBXBuildFile section */
		475A17692956182800EE9072 /* StoreAppApp.swift in Sources */ = {isa = PBXBuildFile; fileRef = 475A17682956182800EE9072 /* StoreAppApp.swift */; };
		475A176B2956182800EE9072 /* ContentView.swift in Sources */ = {isa = PBXBuildFile; fileRef = 475A176A2956182800EE9072 /* ContentView.swift */; };
		475A176D2956182900EE9072 /* Assets.xcassets in Resources */ = {isa = PBXBuildFile; fileRef = 475A176C2956182900EE9072 /* Assets.xcassets */; };
		475A17702956182900EE9072 /* Preview Assets.xcassets in Resources */ = {isa = PBXBuildFile; fileRef = 475A176F2956182900EE9072 /* Preview Assets.xcassets */; };
		475A17782956196100EE9072 /* URL+Extension.swift in Sources */ = {isa = PBXBuildFile; fileRef = 475A17772956196100EE9072 /* URL+Extension.swift */; };
		475A177B29561CF500EE9072 /* StoreHTTPClient.swift in Sources */ = {isa = PBXBuildFile; fileRef = 475A177A29561CF500EE9072 /* StoreHTTPClient.swift */; };
		475A177E29561DB000EE9072 /* Category.swift in Sources */ = {isa = PBXBuildFile; fileRef = 475A177D29561DB000EE9072 /* Category.swift */; };
		475A17802956229000EE9072 /* StoreModel.swift in Sources */ = {isa = PBXBuildFile; fileRef = 475A177F2956229000EE9072 /* StoreModel.swift */; };
		475A1785295761F700EE9072 /* CategoryListScreen.swift in Sources */ = {isa = PBXBuildFile; fileRef = 475A1784295761F700EE9072 /* CategoryListScreen.swift */; };
		4792C3AA29576E4400B3EAC9 /* Product.swift in Sources */ = {isa = PBXBuildFile; fileRef = 4792C3A929576E4400B3EAC9 /* Product.swift */; };
		4792C3AC2958B88700B3EAC9 /* ProductList.swift in Sources */ = {isa = PBXBuildFile; fileRef = 4792C3AB2958B88700B3EAC9 /* ProductList.swift */; };
		4792C3B12958C19100B3EAC9 /* ProductCellView.swift in Sources */ = {isa = PBXBuildFile; fileRef = 4792C3B02958C19100B3EAC9 /* ProductCellView.swift */; };
		4792C3B32958C33900B3EAC9 /* Locale+Extension.swift in Sources */ = {isa = PBXBuildFile; fileRef = 4792C3B22958C33900B3EAC9 /* Locale+Extension.swift */; };
		4792C3B5295B560900B3EAC9 /* AddProductScreen.swift in Sources */ = {isa = PBXBuildFile; fileRef = 4792C3B4295B560900B3EAC9 /* AddProductScreen.swift */; };
		4792C3B7295CAEC500B3EAC9 /* CreateProductRequest.swift in Sources */ = {isa = PBXBuildFile; fileRef = 4792C3B6295CAEC500B3EAC9 /* CreateProductRequest.swift */; };
/* End PBXBuildFile section */

/* Begin PBXFileReference section */
		475A17652956182800EE9072 /* StoreApp.app */ = {isa = PBXFileReference; explicitFileType = wrapper.application; includeInIndex = 0; path = StoreApp.app; sourceTree = BUILT_PRODUCTS_DIR; };
		475A17682956182800EE9072 /* StoreAppApp.swift */ = {isa = PBXFileReference; lastKnownFileType = sourcecode.swift; path = StoreAppApp.swift; sourceTree = "<group>"; };
		475A176A2956182800EE9072 /* ContentView.swift */ = {isa = PBXFileReference; lastKnownFileType = sourcecode.swift; path = ContentView.swift; sourceTree = "<group>"; };
		475A176C2956182900EE9072 /* Assets.xcassets */ = {isa = PBXFileReference; lastKnownFileType = folder.assetcatalog; path = Assets.xcassets; sourceTree = "<group>"; };
		475A176F2956182900EE9072 /* Preview Assets.xcassets */ = {isa = PBXFileReference; lastKnownFileType = folder.assetcatalog; path = "Preview Assets.xcassets"; sourceTree = "<group>"; };
		475A17772956196100EE9072 /* URL+Extension.swift */ = {isa = PBXFileReference; lastKnownFileType = sourcecode.swift; path = "URL+Extension.swift"; sourceTree = "<group>"; };
		475A177A29561CF500EE9072 /* StoreHTTPClient.swift */ = {isa = PBXFileReference; lastKnownFileType = sourcecode.swift; path = StoreHTTPClient.swift; sourceTree = "<group>"; };
		475A177D29561DB000EE9072 /* Category.swift */ = {isa = PBXFileReference; lastKnownFileType = sourcecode.swift; path = Category.swift; sourceTree = "<group>"; };
		475A177F2956229000EE9072 /* StoreModel.swift */ = {isa = PBXFileReference; lastKnownFileType = sourcecode.swift; path = StoreModel.swift; sourceTree = "<group>"; };
		475A1784295761F700EE9072 /* CategoryListScreen.swift */ = {isa = PBXFileReference; lastKnownFileType = sourcecode.swift; path = CategoryListScreen.swift; sourceTree = "<group>"; };
		4792C3A929576E4400B3EAC9 /* Product.swift */ = {isa = PBXFileReference; lastKnownFileType = sourcecode.swift; path = Product.swift; sourceTree = "<group>"; };
		4792C3AB2958B88700B3EAC9 /* ProductList.swift */ = {isa = PBXFileReference; lastKnownFileType = sourcecode.swift; path = ProductList.swift; sourceTree = "<group>"; };
		4792C3B02958C19100B3EAC9 /* ProductCellView.swift */ = {isa = PBXFileReference; lastKnownFileType = sourcecode.swift; path = ProductCellView.swift; sourceTree = "<group>"; };
		4792C3B22958C33900B3EAC9 /* Locale+Extension.swift */ = {isa = PBXFileReference; lastKnownFileType = sourcecode.swift; path = "Locale+Extension.swift"; sourceTree = "<group>"; };
		4792C3B4295B560900B3EAC9 /* AddProductScreen.swift */ = {isa = PBXFileReference; lastKnownFileType = sourcecode.swift; path = AddProductScreen.swift; sourceTree = "<group>"; };
		4792C3B6295CAEC500B3EAC9 /* CreateProductRequest.swift */ = {isa = PBXFileReference; lastKnownFileType = sourcecode.swift; path = CreateProductRequest.swift; sourceTree = "<group>"; };
/* End PBXFileReference section */

/* Begin PBXFrameworksBuildPhase section */
		475A17622956182800EE9072 /* Frameworks */ = {
			isa = PBXFrameworksBuildPhase;
			buildActionMask = 2147483647;
			files = (
			);
			runOnlyForDeploymentPostprocessing = 0;
		};
/* End PBXFrameworksBuildPhase section */

/* Begin PBXGroup section */
		475A175C2956182800EE9072 = {
			isa = PBXGroup;
			children = (
				475A17672956182800EE9072 /* StoreApp */,
				475A17662956182800EE9072 /* Products */,
			);
			sourceTree = "<group>";
		};
		475A17662956182800EE9072 /* Products */ = {
			isa = PBXGroup;
			children = (
				475A17652956182800EE9072 /* StoreApp.app */,
			);
			name = Products;
			sourceTree = "<group>";
		};
		475A17672956182800EE9072 /* StoreApp */ = {
			isa = PBXGroup;
			children = (
				4792C3AF2958C18100B3EAC9 /* Views */,
				475A1781295761B900EE9072 /* Screens */,
				475A177C29561DA800EE9072 /* Models */,
				475A177929561CE700EE9072 /* Clients */,
				475A17762956194E00EE9072 /* Extensions */,
				475A17682956182800EE9072 /* StoreAppApp.swift */,
				475A176A2956182800EE9072 /* ContentView.swift */,
				475A176C2956182900EE9072 /* Assets.xcassets */,
				475A176E2956182900EE9072 /* Preview Content */,
			);
			path = StoreApp;
			sourceTree = "<group>";
		};
		475A176E2956182900EE9072 /* Preview Content */ = {
			isa = PBXGroup;
			children = (
				475A176F2956182900EE9072 /* Preview Assets.xcassets */,
			);
			path = "Preview Content";
			sourceTree = "<group>";
		};
		475A17762956194E00EE9072 /* Extensions */ = {
			isa = PBXGroup;
			children = (
				475A17772956196100EE9072 /* URL+Extension.swift */,
				4792C3B22958C33900B3EAC9 /* Locale+Extension.swift */,
			);
			path = Extensions;
			sourceTree = "<group>";
		};
		475A177929561CE700EE9072 /* Clients */ = {
			isa = PBXGroup;
			children = (
				475A177A29561CF500EE9072 /* StoreHTTPClient.swift */,
			);
			path = Clients;
			sourceTree = "<group>";
		};
		475A177C29561DA800EE9072 /* Models */ = {
			isa = PBXGroup;
			children = (
				475A177D29561DB000EE9072 /* Category.swift */,
				475A177F2956229000EE9072 /* StoreModel.swift */,
				4792C3A929576E4400B3EAC9 /* Product.swift */,
				4792C3B6295CAEC500B3EAC9 /* CreateProductRequest.swift */,
			);
			path = Models;
			sourceTree = "<group>";
		};
		475A1781295761B900EE9072 /* Screens */ = {
			isa = PBXGroup;
			children = (
				475A1784295761F700EE9072 /* CategoryListScreen.swift */,
				4792C3AB2958B88700B3EAC9 /* ProductList.swift */,
				4792C3B4295B560900B3EAC9 /* AddProductScreen.swift */,
			);
			path = Screens;
			sourceTree = "<group>";
		};
		4792C3AF2958C18100B3EAC9 /* Views */ = {
			isa = PBXGroup;
			children = (
				4792C3B02958C19100B3EAC9 /* ProductCellView.swift */,
			);
			path = Views;
			sourceTree = "<group>";
		};
/* End PBXGroup section */

/* Begin PBXNativeTarget section */
		475A17642956182800EE9072 /* StoreApp */ = {
			isa = PBXNativeTarget;
			buildConfigurationList = 475A17732956182900EE9072 /* Build configuration list for PBXNativeTarget "StoreApp" */;
			buildPhases = (
				475A17612956182800EE9072 /* Sources */,
				475A17622956182800EE9072 /* Frameworks */,
				475A17632956182800EE9072 /* Resources */,
			);
			buildRules = (
			);
			dependencies = (
			);
			name = StoreApp;
			productName = StoreApp;
			productReference = 475A17652956182800EE9072 /* StoreApp.app */;
			productType = "com.apple.product-type.application";
		};
/* End PBXNativeTarget section */

/* Begin PBXProject section */
		475A175D2956182800EE9072 /* Project object */ = {
			isa = PBXProject;
			attributes = {
				BuildIndependentTargetsInParallel = 1;
				LastSwiftUpdateCheck = 1400;
				LastUpgradeCheck = 1400;
				TargetAttributes = {
					475A17642956182800EE9072 = {
						CreatedOnToolsVersion = 14.0.1;
					};
				};
			};
			buildConfigurationList = 475A17602956182800EE9072 /* Build configuration list for PBXProject "StoreApp" */;
			compatibilityVersion = "Xcode 14.0";
			developmentRegion = en;
			hasScannedForEncodings = 0;
			knownRegions = (
				en,
				Base,
			);
			mainGroup = 475A175C2956182800EE9072;
			productRefGroup = 475A17662956182800EE9072 /* Products */;
			projectDirPath = "";
			projectRoot = "";
			targets = (
				475A17642956182800EE9072 /* StoreApp */,
			);
		};
/* End PBXProject section */

/* Begin PBXResourcesBuildPhase section */
		475A17632956182800EE9072 /* Resources */ = {
			isa = PBXResourcesBuildPhase;
			buildActionMask = 2147483647;
			files = (
				475A17702956182900EE9072 /* Preview Assets.xcassets in Resources */,
				475A176D2956182900EE9072 /* Assets.xcassets in Resources */,
			);
			runOnlyForDeploymentPostprocessing = 0;
		};
/* End PBXResourcesBuildPhase section */

/* Begin PBXSourcesBuildPhase section */
		475A17612956182800EE9072 /* Sources */ = {
			isa = PBXSourcesBuildPhase;
			buildActionMask = 2147483647;
			files = (
				475A177B29561CF500EE9072 /* StoreHTTPClient.swift in Sources */,
				4792C3AA29576E4400B3EAC9 /* Product.swift in Sources */,
				4792C3B32958C33900B3EAC9 /* Locale+Extension.swift in Sources */,
				475A177E29561DB000EE9072 /* Category.swift in Sources */,
				4792C3AC2958B88700B3EAC9 /* ProductList.swift in Sources */,
				4792C3B12958C19100B3EAC9 /* ProductCellView.swift in Sources */,
				475A176B2956182800EE9072 /* ContentView.swift in Sources */,
				4792C3B5295B560900B3EAC9 /* AddProductScreen.swift in Sources */,
				4792C3B7295CAEC500B3EAC9 /* CreateProductRequest.swift in Sources */,
				475A17692956182800EE9072 /* StoreAppApp.swift in Sources */,
				475A17782956196100EE9072 /* URL+Extension.swift in Sources */,
				475A1785295761F700EE9072 /* CategoryListScreen.swift in Sources */,
				475A17802956229000EE9072 /* StoreModel.swift in Sources */,
			);
			runOnlyForDeploymentPostprocessing = 0;
		};
/* End PBXSourcesBuildPhase section */

/* Begin XCBuildConfiguration section */
		475A17712956182900EE9072 /* Debug */ = {
			isa = XCBuildConfiguration;
			buildSettings = {
				ALWAYS_SEARCH_USER_PATHS = NO;
				CLANG_ANALYZER_NONNULL = YES;
				CLANG_ANALYZER_NUMBER_OBJECT_CONVERSION = YES_AGGRESSIVE;
				CLANG_CXX_LANGUAGE_STANDARD = "gnu++20";
				CLANG_ENABLE_MODULES = YES;
				CLANG_ENABLE_OBJC_ARC = YES;
				CLANG_ENABLE_OBJC_WEAK = YES;
				CLANG_WARN_BLOCK_CAPTURE_AUTORELEASING = YES;
				CLANG_WARN_BOOL_CONVERSION = YES;
				CLANG_WARN_COMMA = YES;
				CLANG_WARN_CONSTANT_CONVERSION = YES;
				CLANG_WARN_DEPRECATED_OBJC_IMPLEMENTATIONS = YES;
				CLANG_WARN_DIRECT_OBJC_ISA_USAGE = YES_ERROR;
				CLANG_WARN_DOCUMENTATION_COMMENTS = YES;
				CLANG_WARN_EMPTY_BODY = YES;
				CLANG_WARN_ENUM_CONVERSION = YES;
				CLANG_WARN_INFINITE_RECURSION = YES;
				CLANG_WARN_INT_CONVERSION = YES;
				CLANG_WARN_NON_LITERAL_NULL_CONVERSION = YES;
				CLANG_WARN_OBJC_IMPLICIT_RETAIN_SELF = YES;
				CLANG_WARN_OBJC_LITERAL_CONVERSION = YES;
				CLANG_WARN_OBJC_ROOT_CLASS = YES_ERROR;
				CLANG_WARN_QUOTED_INCLUDE_IN_FRAMEWORK_HEADER = YES;
				CLANG_WARN_RANGE_LOOP_ANALYSIS = YES;
				CLANG_WARN_STRICT_PROTOTYPES = YES;
				CLANG_WARN_SUSPICIOUS_MOVE = YES;
				CLANG_WARN_UNGUARDED_AVAILABILITY = YES_AGGRESSIVE;
				CLANG_WARN_UNREACHABLE_CODE = YES;
				CLANG_WARN__DUPLICATE_METHOD_MATCH = YES;
				COPY_PHASE_STRIP = NO;
				DEBUG_INFORMATION_FORMAT = dwarf;
				ENABLE_STRICT_OBJC_MSGSEND = YES;
				ENABLE_TESTABILITY = YES;
				GCC_C_LANGUAGE_STANDARD = gnu11;
				GCC_DYNAMIC_NO_PIC = NO;
				GCC_NO_COMMON_BLOCKS = YES;
				GCC_OPTIMIZATION_LEVEL = 0;
				GCC_PREPROCESSOR_DEFINITIONS = (
					"DEBUG=1",
					"$(inherited)",
				);
				GCC_WARN_64_TO_32_BIT_CONVERSION = YES;
				GCC_WARN_ABOUT_RETURN_TYPE = YES_ERROR;
				GCC_WARN_UNDECLARED_SELECTOR = YES;
				GCC_WARN_UNINITIALIZED_AUTOS = YES_AGGRESSIVE;
				GCC_WARN_UNUSED_FUNCTION = YES;
				GCC_WARN_UNUSED_VARIABLE = YES;
				IPHONEOS_DEPLOYMENT_TARGET = 16.0;
				MTL_ENABLE_DEBUG_INFO = INCLUDE_SOURCE;
				MTL_FAST_MATH = YES;
				ONLY_ACTIVE_ARCH = YES;
				SDKROOT = iphoneos;
				SWIFT_ACTIVE_COMPILATION_CONDITIONS = DEBUG;
				SWIFT_OPTIMIZATION_LEVEL = "-Onone";
			};
			name = Debug;
		};
		475A17722956182900EE9072 /* Release */ = {
			isa = XCBuildConfiguration;
			buildSettings = {
				ALWAYS_SEARCH_USER_PATHS = NO;
				CLANG_ANALYZER_NONNULL = YES;
				CLANG_ANALYZER_NUMBER_OBJECT_CONVERSION = YES_AGGRESSIVE;
				CLANG_CXX_LANGUAGE_STANDARD = "gnu++20";
				CLANG_ENABLE_MODULES = YES;
				CLANG_ENABLE_OBJC_ARC = YES;
				CLANG_ENABLE_OBJC_WEAK = YES;
				CLANG_WARN_BLOCK_CAPTURE_AUTORELEASING = YES;
				CLANG_WARN_BOOL_CONVERSION = YES;
				CLANG_WARN_COMMA = YES;
				CLANG_WARN_CONSTANT_CONVERSION = YES;
				CLANG_WARN_DEPRECATED_OBJC_IMPLEMENTATIONS = YES;
				CLANG_WARN_DIRECT_OBJC_ISA_USAGE = YES_ERROR;
				CLANG_WARN_DOCUMENTATION_COMMENTS = YES;
				CLANG_WARN_EMPTY_BODY = YES;
				CLANG_WARN_ENUM_CONVERSION = YES;
				CLANG_WARN_INFINITE_RECURSION = YES;
				CLANG_WARN_INT_CONVERSION = YES;
				CLANG_WARN_NON_LITERAL_NULL_CONVERSION = YES;
				CLANG_WARN_OBJC_IMPLICIT_RETAIN_SELF = YES;
				CLANG_WARN_OBJC_LITERAL_CONVERSION = YES;
				CLANG_WARN_OBJC_ROOT_CLASS = YES_ERROR;
				CLANG_WARN_QUOTED_INCLUDE_IN_FRAMEWORK_HEADER = YES;
				CLANG_WARN_RANGE_LOOP_ANALYSIS = YES;
				CLANG_WARN_STRICT_PROTOTYPES = YES;
				CLANG_WARN_SUSPICIOUS_MOVE = YES;
				CLANG_WARN_UNGUARDED_AVAILABILITY = YES_AGGRESSIVE;
				CLANG_WARN_UNREACHABLE_CODE = YES;
				CLANG_WARN__DUPLICATE_METHOD_MATCH = YES;
				COPY_PHASE_STRIP = NO;
				DEBUG_INFORMATION_FORMAT = "dwarf-with-dsym";
				ENABLE_NS_ASSERTIONS = NO;
				ENABLE_STRICT_OBJC_MSGSEND = YES;
				GCC_C_LANGUAGE_STANDARD = gnu11;
				GCC_NO_COMMON_BLOCKS = YES;
				GCC_WARN_64_TO_32_BIT_CONVERSION = YES;
				GCC_WARN_ABOUT_RETURN_TYPE = YES_ERROR;
				GCC_WARN_UNDECLARED_SELECTOR = YES;
				GCC_WARN_UNINITIALIZED_AUTOS = YES_AGGRESSIVE;
				GCC_WARN_UNUSED_FUNCTION = YES;
				GCC_WARN_UNUSED_VARIABLE = YES;
				IPHONEOS_DEPLOYMENT_TARGET = 16.0;
				MTL_ENABLE_DEBUG_INFO = NO;
				MTL_FAST_MATH = YES;
				SDKROOT = iphoneos;
				SWIFT_COMPILATION_MODE = wholemodule;
				SWIFT_OPTIMIZATION_LEVEL = "-O";
				VALIDATE_PRODUCT = YES;
			};
			name = Release;
		};
		475A17742956182900EE9072 /* Debug */ = {
			isa = XCBuildConfiguration;
			buildSettings = {
				ASSETCATALOG_COMPILER_APPICON_NAME = AppIcon;
				ASSETCATALOG_COMPILER_GLOBAL_ACCENT_COLOR_NAME = AccentColor;
				CODE_SIGN_STYLE = Automatic;
				CURRENT_PROJECT_VERSION = 1;
				DEVELOPMENT_ASSET_PATHS = "\"StoreApp/Preview Content\"";
				ENABLE_PREVIEWS = YES;
				GENERATE_INFOPLIST_FILE = YES;
				INFOPLIST_KEY_UIApplicationSceneManifest_Generation = YES;
				INFOPLIST_KEY_UIApplicationSupportsIndirectInputEvents = YES;
				INFOPLIST_KEY_UILaunchScreen_Generation = YES;
				INFOPLIST_KEY_UISupportedInterfaceOrientations_iPad = "UIInterfaceOrientationPortrait UIInterfaceOrientationPortraitUpsideDown UIInterfaceOrientationLandscapeLeft UIInterfaceOrientationLandscapeRight";
				INFOPLIST_KEY_UISupportedInterfaceOrientations_iPhone = "UIInterfaceOrientationPortrait UIInterfaceOrientationLandscapeLeft UIInterfaceOrientationLandscapeRight";
				LD_RUNPATH_SEARCH_PATHS = (
					"$(inherited)",
					"@executable_path/Frameworks",
				);
				MARKETING_VERSION = 1.0;
				PRODUCT_BUNDLE_IDENTIFIER = LVS.StoreApp;
				PRODUCT_NAME = "$(TARGET_NAME)";
				SWIFT_EMIT_LOC_STRINGS = YES;
				SWIFT_VERSION = 5.0;
				TARGETED_DEVICE_FAMILY = "1,2";
			};
			name = Debug;
		};
		475A17752956182900EE9072 /* Release */ = {
			isa = XCBuildConfiguration;
			buildSettings = {
				ASSETCATALOG_COMPILER_APPICON_NAME = AppIcon;
				ASSETCATALOG_COMPILER_GLOBAL_ACCENT_COLOR_NAME = AccentColor;
				CODE_SIGN_STYLE = Automatic;
				CURRENT_PROJECT_VERSION = 1;
				DEVELOPMENT_ASSET_PATHS = "\"StoreApp/Preview Content\"";
				ENABLE_PREVIEWS = YES;
				GENERATE_INFOPLIST_FILE = YES;
				INFOPLIST_KEY_UIApplicationSceneManifest_Generation = YES;
				INFOPLIST_KEY_UIApplicationSupportsIndirectInputEvents = YES;
				INFOPLIST_KEY_UILaunchScreen_Generation = YES;
				INFOPLIST_KEY_UISupportedInterfaceOrientations_iPad = "UIInterfaceOrientationPortrait UIInterfaceOrientationPortraitUpsideDown UIInterfaceOrientationLandscapeLeft UIInterfaceOrientationLandscapeRight";
				INFOPLIST_KEY_UISupportedInterfaceOrientations_iPhone = "UIInterfaceOrientationPortrait UIInterfaceOrientationLandscapeLeft UIInterfaceOrientationLandscapeRight";
				LD_RUNPATH_SEARCH_PATHS = (
					"$(inherited)",
					"@executable_path/Frameworks",
				);
				MARKETING_VERSION = 1.0;
				PRODUCT_BUNDLE_IDENTIFIER = LVS.StoreApp;
				PRODUCT_NAME = "$(TARGET_NAME)";
				SWIFT_EMIT_LOC_STRINGS = YES;
				SWIFT_VERSION = 5.0;
				TARGETED_DEVICE_FAMILY = "1,2";
			};
			name = Release;
		};
/* End XCBuildConfiguration section */

/* Begin XCConfigurationList section */
		475A17602956182800EE9072 /* Build configuration list for PBXProject "StoreApp" */ = {
			isa = XCConfigurationList;
			buildConfigurations = (
				475A17712956182900EE9072 /* Debug */,
				475A17722956182900EE9072 /* Release */,
			);
			defaultConfigurationIsVisible = 0;
			defaultConfigurationName = Release;
		};
		475A17732956182900EE9072 /* Build configuration list for PBXNativeTarget "StoreApp" */ = {
			isa = XCConfigurationList;
			buildConfigurations = (
				475A17742956182900EE9072 /* Debug */,
				475A17752956182900EE9072 /* Release */,
			);
			defaultConfigurationIsVisible = 0;
			defaultConfigurationName = Release;
		};
/* End XCConfigurationList section */
	};
	rootObject = 475A175D2956182800EE9072 /* Project object */;
}
